
Microsoft Visual Studio Solution File, Format Version 12.00
# Visual Studio 15
VisualStudioVersion = 15.0.28307.902
MinimumVisualStudioVersion = 10.0.40219.1
Project("{FAE04EC0-301F-11D3-BF4B-00C04F79EFBC}") = "ActiveMQSender", "ActiveMQSender\ActiveMQSender.csproj", "{B99C10FC-A42C-40BF-95CC-11D1CDCD9D9E}"
EndProject
Project("{FAE04EC0-301F-11D3-BF4B-00C04F79EFBC}") = "ActiveMQReceiver", "ActiveMQReceiver\ActiveMQReceiver.csproj", "{38DEF236-0E60-4C6B-B69A-6BC1DDAC0FE5}"
EndProject
Global
	GlobalSection(SolutionConfigurationPlatforms) = preSolution
		Debug|Any CPU = Debug|Any CPU
		Release|Any CPU = Release|Any CPU
	EndGlobalSection
	GlobalSection(ProjectConfigurationPlatforms) = postSolution
		{B99C10FC-A42C-40BF-95CC-11D1CDCD9D9E}.Debug|Any CPU.ActiveCfg = Debug|Any CPU
		{B99C10FC-A42C-40BF-95CC-11D1CDCD9D9E}.Debug|Any CPU.Build.0 = Debug|Any CPU
		{B99C10FC-A42C-40BF-95CC-11D1CDCD9D9E}.Release|Any CPU.ActiveCfg = Release|Any CPU
		{B99C10FC-A42C-40BF-95CC-11D1CDCD9D9E}.Release|Any CPU.Build.0 = Release|Any CPU
		{38DEF236-0E60-4C6B-B69A-6BC1DDAC0FE5}.Debug|Any CPU.ActiveCfg = Debug|Any CPU
		{38DEF236-0E60-4C6B-B69A-6BC1DDAC0FE5}.Debug|Any CPU.Build.0 = Debug|Any CPU
		{38DEF236-0E60-4C6B-B69A-6BC1DDAC0FE5}.Release|Any CPU.ActiveCfg = Release|Any CPU
		{38DEF236-0E60-4C6B-B69A-6BC1DDAC0FE5}.Release|Any CPU.Build.0 = Release|Any CPU
	EndGlobalSection
	GlobalSection(SolutionProperties) = preSolution
		HideSolutionNode = FALSE
	EndGlobalSection
	GlobalSection(ExtensibilityGlobals) = postSolution
		SolutionGuid = {C4644861-A3FC-449F-BFAC-00DA522F6B10}
	EndGlobalSection
EndGlobal
